
Microsoft Visual Studio Solution File, Format Version 12.00
# Visual Studio Version 17
VisualStudioVersion = 17.10.35122.118
MinimumVisualStudioVersion = 10.0.40219.1
Project("{FAE04EC0-301F-11D3-BF4B-00C04F79EFBC}") = "TextCap", "TextCap\TextCap.csproj", "{98CD043D-A30B-4B80-B6ED-6F63470432F2}"
EndProject
Global
	GlobalSection(SolutionConfigurationPlatforms) = preSolution
		Debug|Any CPU = Debug|Any CPU
		Release|Any CPU = Release|Any CPU
	EndGlobalSection
	GlobalSection(ProjectConfigurationPlatforms) = postSolution
		{98CD043D-A30B-4B80-B6ED-6F63470432F2}.Debug|Any CPU.ActiveCfg = Debug|Any CPU
		{98CD043D-A30B-4B80-B6ED-6F63470432F2}.Debug|Any CPU.Build.0 = Debug|Any CPU
		{98CD043D-A30B-4B80-B6ED-6F63470432F2}.Release|Any CPU.ActiveCfg = Release|Any CPU
		{98CD043D-A30B-4B80-B6ED-6F63470432F2}.Release|Any CPU.Build.0 = Release|Any CPU
	EndGlobalSection
	GlobalSection(SolutionProperties) = preSolution
		HideSolutionNode = FALSE
	EndGlobalSection
	GlobalSection(ExtensibilityGlobals) = postSolution
		SolutionGuid = {AB7B6587-BF1F-462E-A4A2-0C9B51147280}
	EndGlobalSection
EndGlobal
